
Microsoft Visual Studio Solution File, Format Version 12.00
# Visual Studio Version 16
VisualStudioVersion = 16.0.32228.343
MinimumVisualStudioVersion = 10.0.40219.1
Project("{FAE04EC0-301F-11D3-BF4B-00C04F79EFBC}") = "DialogBoxes(OpenDialog_SaveDialog_FontDialog_ColorDialog)", "DialogBoxes(OpenDialog_SaveDialog_FontDialog_ColorDialog)\DialogBoxes(OpenDialog_SaveDialog_FontDialog_ColorDialog).csproj", "{FF20590C-7E19-4B0D-BAF3-383F67EBB657}"
EndProject
Global
	GlobalSection(SolutionConfigurationPlatforms) = preSolution
		Debug|Any CPU = Debug|Any CPU
		Release|Any CPU = Release|Any CPU
	EndGlobalSection
	GlobalSection(ProjectConfigurationPlatforms) = postSolution
		{FF20590C-7E19-4B0D-BAF3-383F67EBB657}.Debug|Any CPU.ActiveCfg = Debug|Any CPU
		{FF20590C-7E19-4B0D-BAF3-383F67EBB657}.Debug|Any CPU.Build.0 = Debug|Any CPU
		{FF20590C-7E19-4B0D-BAF3-383F67EBB657}.Release|Any CPU.ActiveCfg = Release|Any CPU
		{FF20590C-7E19-4B0D-BAF3-383F67EBB657}.Release|Any CPU.Build.0 = Release|Any CPU
	EndGlobalSection
	GlobalSection(SolutionProperties) = preSolution
		HideSolutionNode = FALSE
	EndGlobalSection
	GlobalSection(ExtensibilityGlobals) = postSolution
		SolutionGuid = {CCCE2220-3002-4EF6-B1AC-5E0B4757358B}
	EndGlobalSection
EndGlobal
